
Microsoft Visual Studio Solution File, Format Version 12.00
# Visual Studio 14
VisualStudioVersion = 14.0.25123.0
MinimumVisualStudioVersion = 10.0.40219.1
Project("{FAE04EC0-301F-11D3-BF4B-00C04F79EFBC}") = "JJDecoder", "JJDecoder\JJDecoder.csproj", "{E94A456E-D31F-4455-8D11-A03BA6D52A96}"
EndProject
Project("{FAE04EC0-301F-11D3-BF4B-00C04F79EFBC}") = "JJDecoder.Test", "JJDecoder.Test\JJDecoder.Test.csproj", "{11EDE800-D616-488B-8F0E-3B6752FE054E}"
EndProject
Global
	GlobalSection(SolutionConfigurationPlatforms) = preSolution
		Debug|Any CPU = Debug|Any CPU
		Release|Any CPU = Release|Any CPU
	EndGlobalSection
	GlobalSection(ProjectConfigurationPlatforms) = postSolution
		{E94A456E-D31F-4455-8D11-A03BA6D52A96}.Debug|Any CPU.ActiveCfg = Debug|Any CPU
		{E94A456E-D31F-4455-8D11-A03BA6D52A96}.Debug|Any CPU.Build.0 = Debug|Any CPU
		{E94A456E-D31F-4455-8D11-A03BA6D52A96}.Release|Any CPU.ActiveCfg = Release|Any CPU
		{E94A456E-D31F-4455-8D11-A03BA6D52A96}.Release|Any CPU.Build.0 = Release|Any CPU
		{11EDE800-D616-488B-8F0E-3B6752FE054E}.Debug|Any CPU.ActiveCfg = Debug|Any CPU
		{11EDE800-D616-488B-8F0E-3B6752FE054E}.Debug|Any CPU.Build.0 = Debug|Any CPU
		{11EDE800-D616-488B-8F0E-3B6752FE054E}.Release|Any CPU.ActiveCfg = Release|Any CPU
		{11EDE800-D616-488B-8F0E-3B6752FE054E}.Release|Any CPU.Build.0 = Release|Any CPU
	EndGlobalSection
	GlobalSection(SolutionProperties) = preSolution
		HideSolutionNode = FALSE
	EndGlobalSection
EndGlobal
